{
  "name": "N01646655682540242944072954",
  "lockfileVersion": 3,
  "requires": true,
  "packages": {
    "": {
      "dependencies": {
        "crontab.js": "^1.0.1"
      }
    },
    "node_modules/crontab.js": {
      "version": "1.0.1",
      "resolved": "https://registry.npmjs.org/crontab.js/-/crontab.js-1.0.1.tgz",
      "integrity": "sha512-4tflnAKxnptAfoYMjWzHH3I07B/6PfCfRqiT9DR+JkoLUn9ZubDKYbR4yIlwJWTV8mFMsVnCDI2F2+V2K8W9dw=="
    }
  }
}
